// !$*UTF8*$!
{
	archiveVersion = 1;
	classes = {
	};
	objectVersion = 56;
	objects = {

/* Begin PBXBuildFile section */
		657E2C0829D2D80F00CBD026 /* AppDelegate.swift in Sources */ = {isa = PBXBuildFile; fileRef = 657E2C0729D2D80F00CBD026 /* AppDelegate.swift */; };
		657E2C0A29D2D80F00CBD026 /* SceneDelegate.swift in Sources */ = {isa = PBXBuildFile; fileRef = 657E2C0929D2D80F00CBD026 /* SceneDelegate.swift */; };
		657E2C0C29D2D80F00CBD026 /* ViewController.swift in Sources */ = {isa = PBXBuildFile; fileRef = 657E2C0B29D2D80F00CBD026 /* ViewController.swift */; };
		657E2C0F29D2D80F00CBD026 /* Main.storyboard in Resources */ = {isa = PBXBuildFile; fileRef = 657E2C0D29D2D80F00CBD026 /* Main.storyboard */; };
		657E2C1129D2D80F00CBD026 /* Assets.xcassets in Resources */ = {isa = PBXBuildFile; fileRef = 657E2C1029D2D80F00CBD026 /* Assets.xcassets */; };
		657E2C1429D2D80F00CBD026 /* LaunchScreen.storyboard in Resources */ = {isa = PBXBuildFile; fileRef = 657E2C1229D2D80F00CBD026 /* LaunchScreen.storyboard */; };
		657E2C1F29D2D80F00CBD026 /* YesNoAppTests.swift in Sources */ = {isa = PBXBuildFile; fileRef = 657E2C1E29D2D80F00CBD026 /* YesNoAppTests.swift */; };
		657E2C2929D2D81000CBD026 /* YesNoAppUITests.swift in Sources */ = {isa = PBXBuildFile; fileRef = 657E2C2829D2D81000CBD026 /* YesNoAppUITests.swift */; };
		657E2C2B29D2D81000CBD026 /* YesNoAppUITestsLaunchTests.swift in Sources */ = {isa = PBXBuildFile; fileRef = 657E2C2A29D2D81000CBD026 /* YesNoAppUITestsLaunchTests.swift */; };
/* End PBXBuildFile section */

/* Begin PBXContainerItemProxy section */
		657E2C1B29D2D80F00CBD026 /* PBXContainerItemProxy */ = {
			isa = PBXContainerItemProxy;
			containerPortal = 657E2BFC29D2D80F00CBD026 /* Project object */;
			proxyType = 1;
			remoteGlobalIDString = 657E2C0329D2D80F00CBD026;
			remoteInfo = YesNoApp;
		};
		657E2C2529D2D81000CBD026 /* PBXContainerItemProxy */ = {
			isa = PBXContainerItemProxy;
			containerPortal = 657E2BFC29D2D80F00CBD026 /* Project object */;
			proxyType = 1;
			remoteGlobalIDString = 657E2C0329D2D80F00CBD026;
			remoteInfo = YesNoApp;
		};
/* End PBXContainerItemProxy section */

/* Begin PBXFileReference section */
		657E2C0429D2D80F00CBD026 /* YesNoApp.app */ = {isa = PBXFileReference; explicitFileType = wrapper.application; includeInIndex = 0; path = YesNoApp.app; sourceTree = BUILT_PRODUCTS_DIR; };
		657E2C0729D2D80F00CBD026 /* AppDelegate.swift */ = {isa = PBXFileReference; lastKnownFileType = sourcecode.swift; path = AppDelegate.swift; sourceTree = "<group>"; };
		657E2C0929D2D80F00CBD026 /* SceneDelegate.swift */ = {isa = PBXFileReference; lastKnownFileType = sourcecode.swift; path = SceneDelegate.swift; sourceTree = "<group>"; };
		657E2C0B29D2D80F00CBD026 /* ViewController.swift */ = {isa = PBXFileReference; lastKnownFileType = sourcecode.swift; path = ViewController.swift; sourceTree = "<group>"; };
		657E2C0E29D2D80F00CBD026 /* Base */ = {isa = PBXFileReference; lastKnownFileType = file.storyboard; name = Base; path = Base.lproj/Main.storyboard; sourceTree = "<group>"; };
		657E2C1029D2D80F00CBD026 /* Assets.xcassets */ = {isa = PBXFileReference; lastKnownFileType = folder.assetcatalog; path = Assets.xcassets; sourceTree = "<group>"; };
		657E2C1329D2D80F00CBD026 /* Base */ = {isa = PBXFileReference; lastKnownFileType = file.storyboard; name = Base; path = Base.lproj/LaunchScreen.storyboard; sourceTree = "<group>"; };
		657E2C1529D2D80F00CBD026 /* Info.plist */ = {isa = PBXFileReference; lastKnownFileType = text.plist.xml; path = Info.plist; sourceTree = "<group>"; };
		657E2C1A29D2D80F00CBD026 /* YesNoAppTests.xctest */ = {isa = PBXFileReference; explicitFileType = wrapper.cfbundle; includeInIndex = 0; path = YesNoAppTests.xctest; sourceTree = BUILT_PRODUCTS_DIR; };
		657E2C1E29D2D80F00CBD026 /* YesNoAppTests.swift */ = {isa = PBXFileReference; lastKnownFileType = sourcecode.swift; path = YesNoAppTests.swift; sourceTree = "<group>"; };
		657E2C2429D2D81000CBD026 /* YesNoAppUITests.xctest */ = {isa = PBXFileReference; explicitFileType = wrapper.cfbundle; includeInIndex = 0; path = YesNoAppUITests.xctest; sourceTree = BUILT_PRODUCTS_DIR; };
		657E2C2829D2D81000CBD026 /* YesNoAppUITests.swift */ = {isa = PBXFileReference; lastKnownFileType = sourcecode.swift; path = YesNoAppUITests.swift; sourceTree = "<group>"; };
		657E2C2A29D2D81000CBD026 /* YesNoAppUITestsLaunchTests.swift */ = {isa = PBXFileReference; lastKnownFileType = sourcecode.swift; path = YesNoAppUITestsLaunchTests.swift; sourceTree = "<group>"; };
/* End PBXFileReference section */

/* Begin PBXFrameworksBuildPhase section */
		657E2C0129D2D80F00CBD026 /* Frameworks */ = {
			isa = PBXFrameworksBuildPhase;
			buildActionMask = 2147483647;
			files = (
			);
			runOnlyForDeploymentPostprocessing = 0;
		};
		657E2C1729D2D80F00CBD026 /* Frameworks */ = {
			isa = PBXFrameworksBuildPhase;
			buildActionMask = 2147483647;
			files = (
			);
			runOnlyForDeploymentPostprocessing = 0;
		};
		657E2C2129D2D81000CBD026 /* Frameworks */ = {
			isa = PBXFrameworksBuildPhase;
			buildActionMask = 2147483647;
			files = (
			);
			runOnlyForDeploymentPostprocessing = 0;
		};
/* End PBXFrameworksBuildPhase section */

/* Begin PBXGroup section */
		657E2BFB29D2D80F00CBD026 = {
			isa = PBXGroup;
			children = (
				657E2C0629D2D80F00CBD026 /* YesNoApp */,
				657E2C1D29D2D80F00CBD026 /* YesNoAppTests */,
				657E2C2729D2D81000CBD026 /* YesNoAppUITests */,
				657E2C0529D2D80F00CBD026 /* Products */,
			);
			sourceTree = "<group>";
		};
		657E2C0529D2D80F00CBD026 /* Products */ = {
			isa = PBXGroup;
			children = (
				657E2C0429D2D80F00CBD026 /* YesNoApp.app */,
				657E2C1A29D2D80F00CBD026 /* YesNoAppTests.xctest */,
				657E2C2429D2D81000CBD026 /* YesNoAppUITests.xctest */,
			);
			name = Products;
			sourceTree = "<group>";
		};
		657E2C0629D2D80F00CBD026 /* YesNoApp */ = {
			isa = PBXGroup;
			children = (
				657E2C0729D2D80F00CBD026 /* AppDelegate.swift */,
				657E2C0929D2D80F00CBD026 /* SceneDelegate.swift */,
				657E2C0B29D2D80F00CBD026 /* ViewController.swift */,
				657E2C0D29D2D80F00CBD026 /* Main.storyboard */,
				657E2C1029D2D80F00CBD026 /* Assets.xcassets */,
				657E2C1229D2D80F00CBD026 /* LaunchScreen.storyboard */,
				657E2C1529D2D80F00CBD026 /* Info.plist */,
			);
			path = YesNoApp;
			sourceTree = "<group>";
		};
		657E2C1D29D2D80F00CBD026 /* YesNoAppTests */ = {
			isa = PBXGroup;
			children = (
				657E2C1E29D2D80F00CBD026 /* YesNoAppTests.swift */,
			);
			path = YesNoAppTests;
			sourceTree = "<group>";
		};
		657E2C2729D2D81000CBD026 /* YesNoAppUITests */ = {
			isa = PBXGroup;
			children = (
				657E2C2829D2D81000CBD026 /* YesNoAppUITests.swift */,
				657E2C2A29D2D81000CBD026 /* YesNoAppUITestsLaunchTests.swift */,
			);
			path = YesNoAppUITests;
			sourceTree = "<group>";
		};
/* End PBXGroup section */

/* Begin PBXNativeTarget section */
		657E2C0329D2D80F00CBD026 /* YesNoApp */ = {
			isa = PBXNativeTarget;
			buildConfigurationList = 657E2C2E29D2D81000CBD026 /* Build configuration list for PBXNativeTarget "YesNoApp" */;
			buildPhases = (
				657E2C0029D2D80F00CBD026 /* Sources */,
				657E2C0129D2D80F00CBD026 /* Frameworks */,
				657E2C0229D2D80F00CBD026 /* Resources */,
			);
			buildRules = (
			);
			dependencies = (
			);
			name = YesNoApp;
			productName = YesNoApp;
			productReference = 657E2C0429D2D80F00CBD026 /* YesNoApp.app */;
			productType = "com.apple.product-type.application";
		};
		657E2C1929D2D80F00CBD026 /* YesNoAppTests */ = {
			isa = PBXNativeTarget;
			buildConfigurationList = 657E2C3129D2D81000CBD026 /* Build configuration list for PBXNativeTarget "YesNoAppTests" */;
			buildPhases = (
				657E2C1629D2D80F00CBD026 /* Sources */,
				657E2C1729D2D80F00CBD026 /* Frameworks */,
				657E2C1829D2D80F00CBD026 /* Resources */,
			);
			buildRules = (
			);
			dependencies = (
				657E2C1C29D2D80F00CBD026 /* PBXTargetDependency */,
			);
			name = YesNoAppTests;
			productName = YesNoAppTests;
			productReference = 657E2C1A29D2D80F00CBD026 /* YesNoAppTests.xctest */;
			productType = "com.apple.product-type.bundle.unit-test";
		};
		657E2C2329D2D81000CBD026 /* YesNoAppUITests */ = {
			isa = PBXNativeTarget;
			buildConfigurationList = 657E2C3429D2D81000CBD026 /* Build configuration list for PBXNativeTarget "YesNoAppUITests" */;
			buildPhases = (
				657E2C2029D2D81000CBD026 /* Sources */,
				657E2C2129D2D81000CBD026 /* Frameworks */,
				657E2C2229D2D81000CBD026 /* Resources */,
			);
			buildRules = (
			);
			dependencies = (
				657E2C2629D2D81000CBD026 /* PBXTargetDependency */,
			);
			name = YesNoAppUITests;
			productName = YesNoAppUITests;
			productReference = 657E2C2429D2D81000CBD026 /* YesNoAppUITests.xctest */;
			productType = "com.apple.product-type.bundle.ui-testing";
		};
/* End PBXNativeTarget section */

/* Begin PBXProject section */
		657E2BFC29D2D80F00CBD026 /* Project object */ = {
			isa = PBXProject;
			attributes = {
				BuildIndependentTargetsInParallel = 1;
				LastSwiftUpdateCheck = 1400;
				LastUpgradeCheck = 1400;
				TargetAttributes = {
					657E2C0329D2D80F00CBD026 = {
						CreatedOnToolsVersion = 14.0.1;
					};
					657E2C1929D2D80F00CBD026 = {
						CreatedOnToolsVersion = 14.0.1;
						TestTargetID = 657E2C0329D2D80F00CBD026;
					};
					657E2C2329D2D81000CBD026 = {
						CreatedOnToolsVersion = 14.0.1;
						TestTargetID = 657E2C0329D2D80F00CBD026;
					};
				};
			};
			buildConfigurationList = 657E2BFF29D2D80F00CBD026 /* Build configuration list for PBXProject "YesNoApp" */;
			compatibilityVersion = "Xcode 14.0";
			developmentRegion = en;
			hasScannedForEncodings = 0;
			knownRegions = (
				en,
				Base,
			);
			mainGroup = 657E2BFB29D2D80F00CBD026;
			productRefGroup = 657E2C0529D2D80F00CBD026 /* Products */;
			projectDirPath = "";
			projectRoot = "";
			targets = (
				657E2C0329D2D80F00CBD026 /* YesNoApp */,
				657E2C1929D2D80F00CBD026 /* YesNoAppTests */,
				657E2C2329D2D81000CBD026 /* YesNoAppUITests */,
			);
		};
/* End PBXProject section */

/* Begin PBXResourcesBuildPhase section */
		657E2C0229D2D80F00CBD026 /* Resources */ = {
			isa = PBXResourcesBuildPhase;
			buildActionMask = 2147483647;
			files = (
				657E2C1429D2D80F00CBD026 /* LaunchScreen.storyboard in Resources */,
				657E2C1129D2D80F00CBD026 /* Assets.xcassets in Resources */,
				657E2C0F29D2D80F00CBD026 /* Main.storyboard in Resources */,
			);
			runOnlyForDeploymentPostprocessing = 0;
		};
		657E2C1829D2D80F00CBD026 /* Resources */ = {
			isa = PBXResourcesBuildPhase;
			buildActionMask = 2147483647;
			files = (
			);
			runOnlyForDeploymentPostprocessing = 0;
		};
		657E2C2229D2D81000CBD026 /* Resources */ = {
			isa = PBXResourcesBuildPhase;
			buildActionMask = 2147483647;
			files = (
			);
			runOnlyForDeploymentPostprocessing = 0;
		};
/* End PBXResourcesBuildPhase section */

/* Begin PBXSourcesBuildPhase section */
		657E2C0029D2D80F00CBD026 /* Sources */ = {
			isa = PBXSourcesBuildPhase;
			buildActionMask = 2147483647;
			files = (
				657E2C0C29D2D80F00CBD026 /* ViewController.swift in Sources */,
				657E2C0829D2D80F00CBD026 /* AppDelegate.swift in Sources */,
				657E2C0A29D2D80F00CBD026 /* SceneDelegate.swift in Sources */,
			);
			runOnlyForDeploymentPostprocessing = 0;
		};
		657E2C1629D2D80F00CBD026 /* Sources */ = {
			isa = PBXSourcesBuildPhase;
			buildActionMask = 2147483647;
			files = (
				657E2C1F29D2D80F00CBD026 /* YesNoAppTests.swift in Sources */,
			);
			runOnlyForDeploymentPostprocessing = 0;
		};
		657E2C2029D2D81000CBD026 /* Sources */ = {
			isa = PBXSourcesBuildPhase;
			buildActionMask = 2147483647;
			files = (
				657E2C2B29D2D81000CBD026 /* YesNoAppUITestsLaunchTests.swift in Sources */,
				657E2C2929D2D81000CBD026 /* YesNoAppUITests.swift in Sources */,
			);
			runOnlyForDeploymentPostprocessing = 0;
		};
/* End PBXSourcesBuildPhase section */

/* Begin PBXTargetDependency section */
		657E2C1C29D2D80F00CBD026 /* PBXTargetDependency */ = {
			isa = PBXTargetDependency;
			target = 657E2C0329D2D80F00CBD026 /* YesNoApp */;
			targetProxy = 657E2C1B29D2D80F00CBD026 /* PBXContainerItemProxy */;
		};
		657E2C2629D2D81000CBD026 /* PBXTargetDependency */ = {
			isa = PBXTargetDependency;
			target = 657E2C0329D2D80F00CBD026 /* YesNoApp */;
			targetProxy = 657E2C2529D2D81000CBD026 /* PBXContainerItemProxy */;
		};
/* End PBXTargetDependency section */

/* Begin PBXVariantGroup section */
		657E2C0D29D2D80F00CBD026 /* Main.storyboard */ = {
			isa = PBXVariantGroup;
			children = (
				657E2C0E29D2D80F00CBD026 /* Base */,
			);
			name = Main.storyboard;
			sourceTree = "<group>";
		};
		657E2C1229D2D80F00CBD026 /* LaunchScreen.storyboard */ = {
			isa = PBXVariantGroup;
			children = (
				657E2C1329D2D80F00CBD026 /* Base */,
			);
			name = LaunchScreen.storyboard;
			sourceTree = "<group>";
		};
/* End PBXVariantGroup section */

/* Begin XCBuildConfiguration section */
		657E2C2C29D2D81000CBD026 /* Debug */ = {
			isa = XCBuildConfiguration;
			buildSettings = {
				ALWAYS_SEARCH_USER_PATHS = NO;
				CLANG_ANALYZER_NONNULL = YES;
				CLANG_ANALYZER_NUMBER_OBJECT_CONVERSION = YES_AGGRESSIVE;
				CLANG_CXX_LANGUAGE_STANDARD = "gnu++20";
				CLANG_ENABLE_MODULES = YES;
				CLANG_ENABLE_OBJC_ARC = YES;
				CLANG_ENABLE_OBJC_WEAK = YES;
				CLANG_WARN_BLOCK_CAPTURE_AUTORELEASING = YES;
				CLANG_WARN_BOOL_CONVERSION = YES;
				CLANG_WARN_COMMA = YES;
				CLANG_WARN_CONSTANT_CONVERSION = YES;
				CLANG_WARN_DEPRECATED_OBJC_IMPLEMENTATIONS = YES;
				CLANG_WARN_DIRECT_OBJC_ISA_USAGE = YES_ERROR;
				CLANG_WARN_DOCUMENTATION_COMMENTS = YES;
				CLANG_WARN_EMPTY_BODY = YES;
				CLANG_WARN_ENUM_CONVERSION = YES;
				CLANG_WARN_INFINITE_RECURSION = YES;
				CLANG_WARN_INT_CONVERSION = YES;
				CLANG_WARN_NON_LITERAL_NULL_CONVERSION = YES;
				CLANG_WARN_OBJC_IMPLICIT_RETAIN_SELF = YES;
				CLANG_WARN_OBJC_LITERAL_CONVERSION = YES;
				CLANG_WARN_OBJC_ROOT_CLASS = YES_ERROR;
				CLANG_WARN_QUOTED_INCLUDE_IN_FRAMEWORK_HEADER = YES;
				CLANG_WARN_RANGE_LOOP_ANALYSIS = YES;
				CLANG_WARN_STRICT_PROTOTYPES = YES;
				CLANG_WARN_SUSPICIOUS_MOVE = YES;
				CLANG_WARN_UNGUARDED_AVAILABILITY = YES_AGGRESSIVE;
				CLANG_WARN_UNREACHABLE_CODE = YES;
				CLANG_WARN__DUPLICATE_METHOD_MATCH = YES;
				COPY_PHASE_STRIP = NO;
				DEBUG_INFORMATION_FORMAT = dwarf;
				ENABLE_STRICT_OBJC_MSGSEND = YES;
				ENABLE_TESTABILITY = YES;
				GCC_C_LANGUAGE_STANDARD = gnu11;
				GCC_DYNAMIC_NO_PIC = NO;
				GCC_NO_COMMON_BLOCKS = YES;
				GCC_OPTIMIZATION_LEVEL = 0;
				GCC_PREPROCESSOR_DEFINITIONS = (
					"DEBUG=1",
					"$(inherited)",
				);
				GCC_WARN_64_TO_32_BIT_CONVERSION = YES;
				GCC_WARN_ABOUT_RETURN_TYPE = YES_ERROR;
				GCC_WARN_UNDECLARED_SELECTOR = YES;
				GCC_WARN_UNINITIALIZED_AUTOS = YES_AGGRESSIVE;
				GCC_WARN_UNUSED_FUNCTION = YES;
				GCC_WARN_UNUSED_VARIABLE = YES;
				IPHONEOS_DEPLOYMENT_TARGET = 16.0;
				MTL_ENABLE_DEBUG_INFO = INCLUDE_SOURCE;
				MTL_FAST_MATH = YES;
				ONLY_ACTIVE_ARCH = YES;
				SDKROOT = iphoneos;
				SWIFT_ACTIVE_COMPILATION_CONDITIONS = DEBUG;
				SWIFT_OPTIMIZATION_LEVEL = "-Onone";
			};
			name = Debug;
		};
		657E2C2D29D2D81000CBD026 /* Release */ = {
			isa = XCBuildConfiguration;
			buildSettings = {
				ALWAYS_SEARCH_USER_PATHS = NO;
				CLANG_ANALYZER_NONNULL = YES;
				CLANG_ANALYZER_NUMBER_OBJECT_CONVERSION = YES_AGGRESSIVE;
				CLANG_CXX_LANGUAGE_STANDARD = "gnu++20";
				CLANG_ENABLE_MODULES = YES;
				CLANG_ENABLE_OBJC_ARC = YES;
				CLANG_ENABLE_OBJC_WEAK = YES;
				CLANG_WARN_BLOCK_CAPTURE_AUTORELEASING = YES;
				CLANG_WARN_BOOL_CONVERSION = YES;
				CLANG_WARN_COMMA = YES;
				CLANG_WARN_CONSTANT_CONVERSION = YES;
				CLANG_WARN_DEPRECATED_OBJC_IMPLEMENTATIONS = YES;
				CLANG_WARN_DIRECT_OBJC_ISA_USAGE = YES_ERROR;
				CLANG_WARN_DOCUMENTATION_COMMENTS = YES;
				CLANG_WARN_EMPTY_BODY = YES;
				CLANG_WARN_ENUM_CONVERSION = YES;
				CLANG_WARN_INFINITE_RECURSION = YES;
				CLANG_WARN_INT_CONVERSION = YES;
				CLANG_WARN_NON_LITERAL_NULL_CONVERSION = YES;
				CLANG_WARN_OBJC_IMPLICIT_RETAIN_SELF = YES;
				CLANG_WARN_OBJC_LITERAL_CONVERSION = YES;
				CLANG_WARN_OBJC_ROOT_CLASS = YES_ERROR;
				CLANG_WARN_QUOTED_INCLUDE_IN_FRAMEWORK_HEADER = YES;
				CLANG_WARN_RANGE_LOOP_ANALYSIS = YES;
				CLANG_WARN_STRICT_PROTOTYPES = YES;
				CLANG_WARN_SUSPICIOUS_MOVE = YES;
				CLANG_WARN_UNGUARDED_AVAILABILITY = YES_AGGRESSIVE;
				CLANG_WARN_UNREACHABLE_CODE = YES;
				CLANG_WARN__DUPLICATE_METHOD_MATCH = YES;
				COPY_PHASE_STRIP = NO;
				DEBUG_INFORMATION_FORMAT = "dwarf-with-dsym";
				ENABLE_NS_ASSERTIONS = NO;
				ENABLE_STRICT_OBJC_MSGSEND = YES;
				GCC_C_LANGUAGE_STANDARD = gnu11;
				GCC_NO_COMMON_BLOCKS = YES;
				GCC_WARN_64_TO_32_BIT_CONVERSION = YES;
				GCC_WARN_ABOUT_RETURN_TYPE = YES_ERROR;
				GCC_WARN_UNDECLARED_SELECTOR = YES;
				GCC_WARN_UNINITIALIZED_AUTOS = YES_AGGRESSIVE;
				GCC_WARN_UNUSED_FUNCTION = YES;
				GCC_WARN_UNUSED_VARIABLE = YES;
				IPHONEOS_DEPLOYMENT_TARGET = 16.0;
				MTL_ENABLE_DEBUG_INFO = NO;
				MTL_FAST_MATH = YES;
				SDKROOT = iphoneos;
				SWIFT_COMPILATION_MODE = wholemodule;
				SWIFT_OPTIMIZATION_LEVEL = "-O";
				VALIDATE_PRODUCT = YES;
			};
			name = Release;
		};
		657E2C2F29D2D81000CBD026 /* Debug */ = {
			isa = XCBuildConfiguration;
			buildSettings = {
				ASSETCATALOG_COMPILER_APPICON_NAME = AppIcon;
				ASSETCATALOG_COMPILER_GLOBAL_ACCENT_COLOR_NAME = AccentColor;
				CODE_SIGN_STYLE = Automatic;
				CURRENT_PROJECT_VERSION = 1;
				DEVELOPMENT_TEAM = BM44RT8Y54;
				GENERATE_INFOPLIST_FILE = YES;
				INFOPLIST_FILE = YesNoApp/Info.plist;
				INFOPLIST_KEY_UIApplicationSupportsIndirectInputEvents = YES;
				INFOPLIST_KEY_UILaunchStoryboardName = LaunchScreen;
				INFOPLIST_KEY_UIMainStoryboardFile = Main;
				INFOPLIST_KEY_UISupportedInterfaceOrientations_iPad = "UIInterfaceOrientationPortrait UIInterfaceOrientationPortraitUpsideDown UIInterfaceOrientationLandscapeLeft UIInterfaceOrientationLandscapeRight";
				INFOPLIST_KEY_UISupportedInterfaceOrientations_iPhone = "UIInterfaceOrientationPortrait UIInterfaceOrientationLandscapeLeft UIInterfaceOrientationLandscapeRight";
				LD_RUNPATH_SEARCH_PATHS = (
					"$(inherited)",
					"@executable_path/Frameworks",
				);
				MARKETING_VERSION = 1.0;
				PRODUCT_BUNDLE_IDENTIFIER = Daniel.YesNoApp;
				PRODUCT_NAME = "$(TARGET_NAME)";
				SWIFT_EMIT_LOC_STRINGS = YES;
				SWIFT_VERSION = 5.0;
				TARGETED_DEVICE_FAMILY = "1,2";
			};
			name = Debug;
		};
		657E2C3029D2D81000CBD026 /* Release */ = {
			isa = XCBuildConfiguration;
			buildSettings = {
				ASSETCATALOG_COMPILER_APPICON_NAME = AppIcon;
				ASSETCATALOG_COMPILER_GLOBAL_ACCENT_COLOR_NAME = AccentColor;
				CODE_SIGN_STYLE = Automatic;
				CURRENT_PROJECT_VERSION = 1;
				DEVELOPMENT_TEAM = BM44RT8Y54;
				GENERATE_INFOPLIST_FILE = YES;
				INFOPLIST_FILE = YesNoApp/Info.plist;
				INFOPLIST_KEY_UIApplicationSupportsIndirectInputEvents = YES;
				INFOPLIST_KEY_UILaunchStoryboardName = LaunchScreen;
				INFOPLIST_KEY_UIMainStoryboardFile = Main;
				INFOPLIST_KEY_UISupportedInterfaceOrientations_iPad = "UIInterfaceOrientationPortrait UIInterfaceOrientationPortraitUpsideDown UIInterfaceOrientationLandscapeLeft UIInterfaceOrientationLandscapeRight";
				INFOPLIST_KEY_UISupportedInterfaceOrientations_iPhone = "UIInterfaceOrientationPortrait UIInterfaceOrientationLandscapeLeft UIInterfaceOrientationLandscapeRight";
				LD_RUNPATH_SEARCH_PATHS = (
					"$(inherited)",
					"@executable_path/Frameworks",
				);
				MARKETING_VERSION = 1.0;
				PRODUCT_BUNDLE_IDENTIFIER = Daniel.YesNoApp;
				PRODUCT_NAME = "$(TARGET_NAME)";
				SWIFT_EMIT_LOC_STRINGS = YES;
				SWIFT_VERSION = 5.0;
				TARGETED_DEVICE_FAMILY = "1,2";
			};
			name = Release;
		};
		657E2C3229D2D81000CBD026 /* Debug */ = {
			isa = XCBuildConfiguration;
			buildSettings = {
				ALWAYS_EMBED_SWIFT_STANDARD_LIBRARIES = YES;
				BUNDLE_LOADER = "$(TEST_HOST)";
				CODE_SIGN_STYLE = Automatic;
				CURRENT_PROJECT_VERSION = 1;
				DEVELOPMENT_TEAM = BM44RT8Y54;
				GENERATE_INFOPLIST_FILE = YES;
				IPHONEOS_DEPLOYMENT_TARGET = 16.0;
				MARKETING_VERSION = 1.0;
				PRODUCT_BUNDLE_IDENTIFIER = Daniel.YesNoAppTests;
				PRODUCT_NAME = "$(TARGET_NAME)";
				SWIFT_EMIT_LOC_STRINGS = NO;
				SWIFT_VERSION = 5.0;
				TARGETED_DEVICE_FAMILY = "1,2";
				TEST_HOST = "$(BUILT_PRODUCTS_DIR)/YesNoApp.app/$(BUNDLE_EXECUTABLE_FOLDER_PATH)/YesNoApp";
			};
			name = Debug;
		};
		657E2C3329D2D81000CBD026 /* Release */ = {
			isa = XCBuildConfiguration;
			buildSettings = {
				ALWAYS_EMBED_SWIFT_STANDARD_LIBRARIES = YES;
				BUNDLE_LOADER = "$(TEST_HOST)";
				CODE_SIGN_STYLE = Automatic;
				CURRENT_PROJECT_VERSION = 1;
				DEVELOPMENT_TEAM = BM44RT8Y54;
				GENERATE_INFOPLIST_FILE = YES;
				IPHONEOS_DEPLOYMENT_TARGET = 16.0;
				MARKETING_VERSION = 1.0;
				PRODUCT_BUNDLE_IDENTIFIER = Daniel.YesNoAppTests;
				PRODUCT_NAME = "$(TARGET_NAME)";
				SWIFT_EMIT_LOC_STRINGS = NO;
				SWIFT_VERSION = 5.0;
				TARGETED_DEVICE_FAMILY = "1,2";
				TEST_HOST = "$(BUILT_PRODUCTS_DIR)/YesNoApp.app/$(BUNDLE_EXECUTABLE_FOLDER_PATH)/YesNoApp";
			};
			name = Release;
		};
		657E2C3529D2D81000CBD026 /* Debug */ = {
			isa = XCBuildConfiguration;
			buildSettings = {
				ALWAYS_EMBED_SWIFT_STANDARD_LIBRARIES = YES;
				CODE_SIGN_STYLE = Automatic;
				CURRENT_PROJECT_VERSION = 1;
				DEVELOPMENT_TEAM = BM44RT8Y54;
				GENERATE_INFOPLIST_FILE = YES;
				MARKETING_VERSION = 1.0;
				PRODUCT_BUNDLE_IDENTIFIER = Daniel.YesNoAppUITests;
				PRODUCT_NAME = "$(TARGET_NAME)";
				SWIFT_EMIT_LOC_STRINGS = NO;
				SWIFT_VERSION = 5.0;
				TARGETED_DEVICE_FAMILY = "1,2";
				TEST_TARGET_NAME = YesNoApp;
			};
			name = Debug;
		};
		657E2C3629D2D81000CBD026 /* Release */ = {
			isa = XCBuildConfiguration;
			buildSettings = {
				ALWAYS_EMBED_SWIFT_STANDARD_LIBRARIES = YES;
				CODE_SIGN_STYLE = Automatic;
				CURRENT_PROJECT_VERSION = 1;
				DEVELOPMENT_TEAM = BM44RT8Y54;
				GENERATE_INFOPLIST_FILE = YES;
				MARKETING_VERSION = 1.0;
				PRODUCT_BUNDLE_IDENTIFIER = Daniel.YesNoAppUITests;
				PRODUCT_NAME = "$(TARGET_NAME)";
				SWIFT_EMIT_LOC_STRINGS = NO;
				SWIFT_VERSION = 5.0;
				TARGETED_DEVICE_FAMILY = "1,2";
				TEST_TARGET_NAME = YesNoApp;
			};
			name = Release;
		};
/* End XCBuildConfiguration section */

/* Begin XCConfigurationList section */
		657E2BFF29D2D80F00CBD026 /* Build configuration list for PBXProject "YesNoApp" */ = {
			isa = XCConfigurationList;
			buildConfigurations = (
				657E2C2C29D2D81000CBD026 /* Debug */,
				657E2C2D29D2D81000CBD026 /* Release */,
			);
			defaultConfigurationIsVisible = 0;
			defaultConfigurationName = Release;
		};
		657E2C2E29D2D81000CBD026 /* Build configuration list for PBXNativeTarget "YesNoApp" */ = {
			isa = XCConfigurationList;
			buildConfigurations = (
				657E2C2F29D2D81000CBD026 /* Debug */,
				657E2C3029D2D81000CBD026 /* Release */,
			);
			defaultConfigurationIsVisible = 0;
			defaultConfigurationName = Release;
		};
		657E2C3129D2D81000CBD026 /* Build configuration list for PBXNativeTarget "YesNoAppTests" */ = {
			isa = XCConfigurationList;
			buildConfigurations = (
				657E2C3229D2D81000CBD026 /* Debug */,
				657E2C3329D2D81000CBD026 /* Release */,
			);
			defaultConfigurationIsVisible = 0;
			defaultConfigurationName = Release;
		};
		657E2C3429D2D81000CBD026 /* Build configuration list for PBXNativeTarget "YesNoAppUITests" */ = {
			isa = XCConfigurationList;
			buildConfigurations = (
				657E2C3529D2D81000CBD026 /* Debug */,
				657E2C3629D2D81000CBD026 /* Release */,
			);
			defaultConfigurationIsVisible = 0;
			defaultConfigurationName = Release;
		};
/* End XCConfigurationList section */
	};
	rootObject = 657E2BFC29D2D80F00CBD026 /* Project object */;
}
